
Microsoft Visual Studio Solution File, Format Version 12.00
# 
Project("{FAE04EC0-301F-11D3-BF4B-00C04F79EFBC}") = "SecretStorageCS", "SecretStorageCS\SecretStorageCS.csproj", "{5E1B57AF-8A49-4F17-A99A-52C0642DE92E}"
EndProject
Project("{FAE04EC0-301F-11D3-BF4B-00C04F79EFBC}") = "SecretStorageCS.Tests", "SecretStorageCS.Tests\SecretStorageCS.Tests.csproj", "{7ED004AA-E5AC-4ED0-B7C7-6E98B8A29E9B}"
EndProject
Project("{FAE04EC0-301F-11D3-BF4B-00C04F79EFBC}") = "Main", "Main\Main.csproj", "{63421358-3E9E-4900-BA94-9ECB037A4D48}"
EndProject
Global
	GlobalSection(SolutionConfigurationPlatforms) = preSolution
		Debug|Any CPU = Debug|Any CPU
		Release|Any CPU = Release|Any CPU
	EndGlobalSection
	GlobalSection(ProjectConfigurationPlatforms) = postSolution
		{5E1B57AF-8A49-4F17-A99A-52C0642DE92E}.Debug|Any CPU.ActiveCfg = Debug|Any CPU
		{5E1B57AF-8A49-4F17-A99A-52C0642DE92E}.Debug|Any CPU.Build.0 = Debug|Any CPU
		{5E1B57AF-8A49-4F17-A99A-52C0642DE92E}.Release|Any CPU.ActiveCfg = Release|Any CPU
		{5E1B57AF-8A49-4F17-A99A-52C0642DE92E}.Release|Any CPU.Build.0 = Release|Any CPU
		{7ED004AA-E5AC-4ED0-B7C7-6E98B8A29E9B}.Debug|Any CPU.ActiveCfg = Debug|Any CPU
		{7ED004AA-E5AC-4ED0-B7C7-6E98B8A29E9B}.Debug|Any CPU.Build.0 = Debug|Any CPU
		{7ED004AA-E5AC-4ED0-B7C7-6E98B8A29E9B}.Release|Any CPU.ActiveCfg = Release|Any CPU
		{7ED004AA-E5AC-4ED0-B7C7-6E98B8A29E9B}.Release|Any CPU.Build.0 = Release|Any CPU
		{63421358-3E9E-4900-BA94-9ECB037A4D48}.Debug|Any CPU.ActiveCfg = Debug|Any CPU
		{63421358-3E9E-4900-BA94-9ECB037A4D48}.Debug|Any CPU.Build.0 = Debug|Any CPU
		{63421358-3E9E-4900-BA94-9ECB037A4D48}.Release|Any CPU.ActiveCfg = Release|Any CPU
		{63421358-3E9E-4900-BA94-9ECB037A4D48}.Release|Any CPU.Build.0 = Release|Any CPU
	EndGlobalSection
EndGlobal
